
Microsoft Visual Studio Solution File, Format Version 12.00
# Visual Studio 15
VisualStudioVersion = 15.0.28307.271
MinimumVisualStudioVersion = 10.0.40219.1
Project("{FAE04EC0-301F-11D3-BF4B-00C04F79EFBC}") = "olasqueiras", "olasqueiras\olasqueiras.csproj", "{EA15CBC6-F306-4A13-A947-35C6DF439E7D}"
EndProject
Global
	GlobalSection(SolutionConfigurationPlatforms) = preSolution
		Debug|Any CPU = Debug|Any CPU
		Release|Any CPU = Release|Any CPU
	EndGlobalSection
	GlobalSection(ProjectConfigurationPlatforms) = postSolution
		{EA15CBC6-F306-4A13-A947-35C6DF439E7D}.Debug|Any CPU.ActiveCfg = Debug|Any CPU
		{EA15CBC6-F306-4A13-A947-35C6DF439E7D}.Debug|Any CPU.Build.0 = Debug|Any CPU
		{EA15CBC6-F306-4A13-A947-35C6DF439E7D}.Release|Any CPU.ActiveCfg = Release|Any CPU
		{EA15CBC6-F306-4A13-A947-35C6DF439E7D}.Release|Any CPU.Build.0 = Release|Any CPU
	EndGlobalSection
	GlobalSection(SolutionProperties) = preSolution
		HideSolutionNode = FALSE
	EndGlobalSection
	GlobalSection(ExtensibilityGlobals) = postSolution
		SolutionGuid = {92FAD02A-325B-48EA-ACFE-667E0D866833}
	EndGlobalSection
EndGlobal
